
Microsoft Visual Studio Solution File, Format Version 12.00
# Visual Studio Version 17
VisualStudioVersion = 17.2.32526.322
MinimumVisualStudioVersion = 10.0.40219.1
Project("{9A19103F-16F7-4668-BE54-9A1E7A4F7556}") = "MARFACT.WEB.SITE.CONTABLE", "MARFACT.WEB.SITE.CONTABLE\MARFACT.WEB.SITE.CONTABLE.csproj", "{DE5FFD58-CFD9-4E5E-BA67-D6090B966DCB}"
EndProject
Project("{2150E333-8FDC-42A3-9474-1A3956D46DE8}") = "1 UI", "1 UI", "{B844B847-8FBD-4F47-88DB-7A461B6FCF24}"
EndProject
Project("{2150E333-8FDC-42A3-9474-1A3956D46DE8}") = "1.1 WEBSITE", "1.1 WEBSITE", "{A97E12ED-24F6-403E-B737-038372F8875F}"
EndProject
Project("{2150E333-8FDC-42A3-9474-1A3956D46DE8}") = "2 APPLICATION", "2 APPLICATION", "{3845B8D1-074C-405C-8543-70147AAE6ABD}"
EndProject
Project("{2150E333-8FDC-42A3-9474-1A3956D46DE8}") = "3 DOMAIN", "3 DOMAIN", "{0EDBC29C-12B9-4F02-9B53-9723C085F509}"
EndProject
Project("{2150E333-8FDC-42A3-9474-1A3956D46DE8}") = "4 INFRASTRUCTURE", "4 INFRASTRUCTURE", "{19E35DDD-3311-4B9B-BAAB-12324833198A}"
EndProject
Project("{2150E333-8FDC-42A3-9474-1A3956D46DE8}") = "5 QUERY", "5 QUERY", "{6E84B87F-0972-4AC8-B7A7-6BA09E0E5A82}"
EndProject
Project("{9A19103F-16F7-4668-BE54-9A1E7A4F7556}") = "MARFACT.APPLICATION", "MARFACT.APPLICATION\MARFACT.APPLICATION.csproj", "{C9AB330B-1C57-4EB6-816A-4FE96DB449BD}"
EndProject
Project("{9A19103F-16F7-4668-BE54-9A1E7A4F7556}") = "MARFACT.DOMAIN", "MARFACT.DOMAIN\MARFACT.DOMAIN.csproj", "{A4930A51-E66D-4D36-A4CD-A68A9D8FAE75}"
EndProject
Project("{9A19103F-16F7-4668-BE54-9A1E7A4F7556}") = "MARFACT.INFRA.REPOSITORY.SQLSERVER", "MARFACT.INFRA.REPOSITORY.SQLSERVER\MARFACT.INFRA.REPOSITORY.SQLSERVER.csproj", "{49EAD205-E2F5-45C5-A589-BDEEA82FC44B}"
EndProject
Project("{2150E333-8FDC-42A3-9474-1A3956D46DE8}") = "4.1 REPOSITORY", "4.1 REPOSITORY", "{BC9F6087-A38E-480E-A4AB-B62093857310}"
EndProject
Project("{2150E333-8FDC-42A3-9474-1A3956D46DE8}") = "5.1 QUERY", "5.1 QUERY", "{48502A03-7E7D-4CA0-A49E-79101FF286B5}"
EndProject
Project("{2150E333-8FDC-42A3-9474-1A3956D46DE8}") = "5.2 QUERY SERVICE", "5.2 QUERY SERVICE", "{86580A3C-04BF-4936-83AB-B80089410F08}"
EndProject
Project("{9A19103F-16F7-4668-BE54-9A1E7A4F7556}") = "MARFACT.QUERY", "MARFACT.QUERY\MARFACT.QUERY.csproj", "{411160D9-BE51-420A-8E12-488FF3859D4F}"
EndProject
Project("{9A19103F-16F7-4668-BE54-9A1E7A4F7556}") = "MARFACT.QUERY.SQLSERVER", "MARFACT.QUERY.SQLSERVER\MARFACT.QUERY.SQLSERVER.csproj", "{37C20193-E8E6-405C-A674-E038C9D22B47}"
EndProject
Project("{9A19103F-16F7-4668-BE54-9A1E7A4F7556}") = "MF.TOOLS", "MF.TOOLS\MF.TOOLS.csproj", "{DFAD5B8B-FE5B-40A5-B321-9D1197453A0D}"
EndProject
Project("{2150E333-8FDC-42A3-9474-1A3956D46DE8}") = "1.2 API", "1.2 API", "{B26CBF4D-E9B8-45C6-841A-4D72F474FDB5}"
EndProject
Project("{9A19103F-16F7-4668-BE54-9A1E7A4F7556}") = "MARFACT.API.CONTABLE", "MARFACT.API.CONTABLE\MARFACT.API.CONTABLE.csproj", "{B5C10674-BB10-472F-8363-9E72BFE718C2}"
EndProject
Global
	GlobalSection(SolutionConfigurationPlatforms) = preSolution
		Debug|Any CPU = Debug|Any CPU
		Release|Any CPU = Release|Any CPU
	EndGlobalSection
	GlobalSection(ProjectConfigurationPlatforms) = postSolution
		{DE5FFD58-CFD9-4E5E-BA67-D6090B966DCB}.Debug|Any CPU.ActiveCfg = Debug|Any CPU
		{DE5FFD58-CFD9-4E5E-BA67-D6090B966DCB}.Debug|Any CPU.Build.0 = Debug|Any CPU
		{DE5FFD58-CFD9-4E5E-BA67-D6090B966DCB}.Release|Any CPU.ActiveCfg = Release|Any CPU
		{DE5FFD58-CFD9-4E5E-BA67-D6090B966DCB}.Release|Any CPU.Build.0 = Release|Any CPU
		{C9AB330B-1C57-4EB6-816A-4FE96DB449BD}.Debug|Any CPU.ActiveCfg = Debug|Any CPU
		{C9AB330B-1C57-4EB6-816A-4FE96DB449BD}.Debug|Any CPU.Build.0 = Debug|Any CPU
		{C9AB330B-1C57-4EB6-816A-4FE96DB449BD}.Release|Any CPU.ActiveCfg = Release|Any CPU
		{C9AB330B-1C57-4EB6-816A-4FE96DB449BD}.Release|Any CPU.Build.0 = Release|Any CPU
		{A4930A51-E66D-4D36-A4CD-A68A9D8FAE75}.Debug|Any CPU.ActiveCfg = Debug|Any CPU
		{A4930A51-E66D-4D36-A4CD-A68A9D8FAE75}.Debug|Any CPU.Build.0 = Debug|Any CPU
		{A4930A51-E66D-4D36-A4CD-A68A9D8FAE75}.Release|Any CPU.ActiveCfg = Release|Any CPU
		{A4930A51-E66D-4D36-A4CD-A68A9D8FAE75}.Release|Any CPU.Build.0 = Release|Any CPU
		{49EAD205-E2F5-45C5-A589-BDEEA82FC44B}.Debug|Any CPU.ActiveCfg = Debug|Any CPU
		{49EAD205-E2F5-45C5-A589-BDEEA82FC44B}.Debug|Any CPU.Build.0 = Debug|Any CPU
		{49EAD205-E2F5-45C5-A589-BDEEA82FC44B}.Release|Any CPU.ActiveCfg = Release|Any CPU
		{49EAD205-E2F5-45C5-A589-BDEEA82FC44B}.Release|Any CPU.Build.0 = Release|Any CPU
		{411160D9-BE51-420A-8E12-488FF3859D4F}.Debug|Any CPU.ActiveCfg = Debug|Any CPU
		{411160D9-BE51-420A-8E12-488FF3859D4F}.Debug|Any CPU.Build.0 = Debug|Any CPU
		{411160D9-BE51-420A-8E12-488FF3859D4F}.Release|Any CPU.ActiveCfg = Release|Any CPU
		{411160D9-BE51-420A-8E12-488FF3859D4F}.Release|Any CPU.Build.0 = Release|Any CPU
		{37C20193-E8E6-405C-A674-E038C9D22B47}.Debug|Any CPU.ActiveCfg = Debug|Any CPU
		{37C20193-E8E6-405C-A674-E038C9D22B47}.Debug|Any CPU.Build.0 = Debug|Any CPU
		{37C20193-E8E6-405C-A674-E038C9D22B47}.Release|Any CPU.ActiveCfg = Release|Any CPU
		{37C20193-E8E6-405C-A674-E038C9D22B47}.Release|Any CPU.Build.0 = Release|Any CPU
		{DFAD5B8B-FE5B-40A5-B321-9D1197453A0D}.Debug|Any CPU.ActiveCfg = Debug|Any CPU
		{DFAD5B8B-FE5B-40A5-B321-9D1197453A0D}.Debug|Any CPU.Build.0 = Debug|Any CPU
		{DFAD5B8B-FE5B-40A5-B321-9D1197453A0D}.Release|Any CPU.ActiveCfg = Release|Any CPU
		{DFAD5B8B-FE5B-40A5-B321-9D1197453A0D}.Release|Any CPU.Build.0 = Release|Any CPU
		{B5C10674-BB10-472F-8363-9E72BFE718C2}.Debug|Any CPU.ActiveCfg = Debug|Any CPU
		{B5C10674-BB10-472F-8363-9E72BFE718C2}.Debug|Any CPU.Build.0 = Debug|Any CPU
		{B5C10674-BB10-472F-8363-9E72BFE718C2}.Release|Any CPU.ActiveCfg = Release|Any CPU
		{B5C10674-BB10-472F-8363-9E72BFE718C2}.Release|Any CPU.Build.0 = Release|Any CPU
	EndGlobalSection
	GlobalSection(SolutionProperties) = preSolution
		HideSolutionNode = FALSE
	EndGlobalSection
	GlobalSection(NestedProjects) = preSolution
		{DE5FFD58-CFD9-4E5E-BA67-D6090B966DCB} = {A97E12ED-24F6-403E-B737-038372F8875F}
		{A97E12ED-24F6-403E-B737-038372F8875F} = {B844B847-8FBD-4F47-88DB-7A461B6FCF24}
		{C9AB330B-1C57-4EB6-816A-4FE96DB449BD} = {3845B8D1-074C-405C-8543-70147AAE6ABD}
		{A4930A51-E66D-4D36-A4CD-A68A9D8FAE75} = {0EDBC29C-12B9-4F02-9B53-9723C085F509}
		{49EAD205-E2F5-45C5-A589-BDEEA82FC44B} = {BC9F6087-A38E-480E-A4AB-B62093857310}
		{BC9F6087-A38E-480E-A4AB-B62093857310} = {19E35DDD-3311-4B9B-BAAB-12324833198A}
		{48502A03-7E7D-4CA0-A49E-79101FF286B5} = {6E84B87F-0972-4AC8-B7A7-6BA09E0E5A82}
		{86580A3C-04BF-4936-83AB-B80089410F08} = {6E84B87F-0972-4AC8-B7A7-6BA09E0E5A82}
		{411160D9-BE51-420A-8E12-488FF3859D4F} = {48502A03-7E7D-4CA0-A49E-79101FF286B5}
		{37C20193-E8E6-405C-A674-E038C9D22B47} = {86580A3C-04BF-4936-83AB-B80089410F08}
		{B26CBF4D-E9B8-45C6-841A-4D72F474FDB5} = {B844B847-8FBD-4F47-88DB-7A461B6FCF24}
		{B5C10674-BB10-472F-8363-9E72BFE718C2} = {B26CBF4D-E9B8-45C6-841A-4D72F474FDB5}
	EndGlobalSection
	GlobalSection(ExtensibilityGlobals) = postSolution
		SolutionGuid = {7C47BEE7-7207-4133-8B5D-814118D357EF}
	EndGlobalSection
EndGlobal
